
Microsoft Visual Studio Solution File, Format Version 12.00
# Visual Studio Version 16
VisualStudioVersion = 16.0.29102.190
MinimumVisualStudioVersion = 10.0.40219.1
Project("{FAE04EC0-301F-11D3-BF4B-00C04F79EFBC}") = "PUBG_APP.UWP", "PUBG APP\PUBG APP.UWP\PUBG_APP.UWP.csproj", "{321563FB-961C-4BDA-9B59-83CF2ED33B22}"
EndProject
Project("{FAE04EC0-301F-11D3-BF4B-00C04F79EFBC}") = "PUBG_APP.Android", "PUBG APP\PUBG APP.Android\PUBG_APP.Android.csproj", "{2A7A606E-BB58-463D-9C55-2442E0633A16}"
EndProject
Project("{9A19103F-16F7-4668-BE54-9A1E7A4F7556}") = "PUBG_APP", "PUBG APP\PUBG APP\PUBG_APP.csproj", "{C44E0915-ADD4-4C90-9CAD-B06AD1084E97}"
EndProject
Project("{9A19103F-16F7-4668-BE54-9A1E7A4F7556}") = "PubgNet", "..\PubgNet-master\PubgNet\PubgNet.csproj", "{0962ACC2-1C87-422F-93C6-7BC2A09E7C94}"
EndProject
Global
	GlobalSection(SolutionConfigurationPlatforms) = preSolution
		Debug|Any CPU = Debug|Any CPU
		Debug|ARM = Debug|ARM
		Debug|x64 = Debug|x64
		Debug|x86 = Debug|x86
		Release|Any CPU = Release|Any CPU
		Release|ARM = Release|ARM
		Release|x64 = Release|x64
		Release|x86 = Release|x86
	EndGlobalSection
	GlobalSection(ProjectConfigurationPlatforms) = postSolution
		{321563FB-961C-4BDA-9B59-83CF2ED33B22}.Debug|Any CPU.ActiveCfg = Debug|x86
		{321563FB-961C-4BDA-9B59-83CF2ED33B22}.Debug|Any CPU.Build.0 = Debug|x86
		{321563FB-961C-4BDA-9B59-83CF2ED33B22}.Debug|Any CPU.Deploy.0 = Debug|x86
		{321563FB-961C-4BDA-9B59-83CF2ED33B22}.Debug|ARM.ActiveCfg = Debug|ARM
		{321563FB-961C-4BDA-9B59-83CF2ED33B22}.Debug|ARM.Build.0 = Debug|ARM
		{321563FB-961C-4BDA-9B59-83CF2ED33B22}.Debug|ARM.Deploy.0 = Debug|ARM
		{321563FB-961C-4BDA-9B59-83CF2ED33B22}.Debug|x64.ActiveCfg = Debug|x64
		{321563FB-961C-4BDA-9B59-83CF2ED33B22}.Debug|x64.Build.0 = Debug|x64
		{321563FB-961C-4BDA-9B59-83CF2ED33B22}.Debug|x64.Deploy.0 = Debug|x64
		{321563FB-961C-4BDA-9B59-83CF2ED33B22}.Debug|x86.ActiveCfg = Debug|x86
		{321563FB-961C-4BDA-9B59-83CF2ED33B22}.Debug|x86.Build.0 = Debug|x86
		{321563FB-961C-4BDA-9B59-83CF2ED33B22}.Debug|x86.Deploy.0 = Debug|x86
		{321563FB-961C-4BDA-9B59-83CF2ED33B22}.Release|Any CPU.ActiveCfg = Release|x86
		{321563FB-961C-4BDA-9B59-83CF2ED33B22}.Release|Any CPU.Build.0 = Release|x86
		{321563FB-961C-4BDA-9B59-83CF2ED33B22}.Release|Any CPU.Deploy.0 = Release|x86
		{321563FB-961C-4BDA-9B59-83CF2ED33B22}.Release|ARM.ActiveCfg = Release|ARM
		{321563FB-961C-4BDA-9B59-83CF2ED33B22}.Release|ARM.Build.0 = Release|ARM
		{321563FB-961C-4BDA-9B59-83CF2ED33B22}.Release|ARM.Deploy.0 = Release|ARM
		{321563FB-961C-4BDA-9B59-83CF2ED33B22}.Release|x64.ActiveCfg = Release|x64
		{321563FB-961C-4BDA-9B59-83CF2ED33B22}.Release|x64.Build.0 = Release|x64
		{321563FB-961C-4BDA-9B59-83CF2ED33B22}.Release|x64.Deploy.0 = Release|x64
		{321563FB-961C-4BDA-9B59-83CF2ED33B22}.Release|x86.ActiveCfg = Release|x86
		{321563FB-961C-4BDA-9B59-83CF2ED33B22}.Release|x86.Build.0 = Release|x86
		{321563FB-961C-4BDA-9B59-83CF2ED33B22}.Release|x86.Deploy.0 = Release|x86
		{2A7A606E-BB58-463D-9C55-2442E0633A16}.Debug|Any CPU.ActiveCfg = Debug|Any CPU
		{2A7A606E-BB58-463D-9C55-2442E0633A16}.Debug|Any CPU.Build.0 = Debug|Any CPU
		{2A7A606E-BB58-463D-9C55-2442E0633A16}.Debug|Any CPU.Deploy.0 = Debug|Any CPU
		{2A7A606E-BB58-463D-9C55-2442E0633A16}.Debug|ARM.ActiveCfg = Debug|Any CPU
		{2A7A606E-BB58-463D-9C55-2442E0633A16}.Debug|ARM.Build.0 = Debug|Any CPU
		{2A7A606E-BB58-463D-9C55-2442E0633A16}.Debug|ARM.Deploy.0 = Debug|Any CPU
		{2A7A606E-BB58-463D-9C55-2442E0633A16}.Debug|x64.ActiveCfg = Debug|Any CPU
		{2A7A606E-BB58-463D-9C55-2442E0633A16}.Debug|x64.Build.0 = Debug|Any CPU
		{2A7A606E-BB58-463D-9C55-2442E0633A16}.Debug|x64.Deploy.0 = Debug|Any CPU
		{2A7A606E-BB58-463D-9C55-2442E0633A16}.Debug|x86.ActiveCfg = Debug|Any CPU
		{2A7A606E-BB58-463D-9C55-2442E0633A16}.Debug|x86.Build.0 = Debug|Any CPU
		{2A7A606E-BB58-463D-9C55-2442E0633A16}.Debug|x86.Deploy.0 = Debug|Any CPU
		{2A7A606E-BB58-463D-9C55-2442E0633A16}.Release|Any CPU.ActiveCfg = Release|Any CPU
		{2A7A606E-BB58-463D-9C55-2442E0633A16}.Release|Any CPU.Build.0 = Release|Any CPU
		{2A7A606E-BB58-463D-9C55-2442E0633A16}.Release|Any CPU.Deploy.0 = Release|Any CPU
		{2A7A606E-BB58-463D-9C55-2442E0633A16}.Release|ARM.ActiveCfg = Release|Any CPU
		{2A7A606E-BB58-463D-9C55-2442E0633A16}.Release|ARM.Build.0 = Release|Any CPU
		{2A7A606E-BB58-463D-9C55-2442E0633A16}.Release|ARM.Deploy.0 = Release|Any CPU
		{2A7A606E-BB58-463D-9C55-2442E0633A16}.Release|x64.ActiveCfg = Release|Any CPU
		{2A7A606E-BB58-463D-9C55-2442E0633A16}.Release|x64.Build.0 = Release|Any CPU
		{2A7A606E-BB58-463D-9C55-2442E0633A16}.Release|x64.Deploy.0 = Release|Any CPU
		{2A7A606E-BB58-463D-9C55-2442E0633A16}.Release|x86.ActiveCfg = Release|Any CPU
		{2A7A606E-BB58-463D-9C55-2442E0633A16}.Release|x86.Build.0 = Release|Any CPU
		{2A7A606E-BB58-463D-9C55-2442E0633A16}.Release|x86.Deploy.0 = Release|Any CPU
		{C44E0915-ADD4-4C90-9CAD-B06AD1084E97}.Debug|Any CPU.ActiveCfg = Debug|Any CPU
		{C44E0915-ADD4-4C90-9CAD-B06AD1084E97}.Debug|Any CPU.Build.0 = Debug|Any CPU
		{C44E0915-ADD4-4C90-9CAD-B06AD1084E97}.Debug|Any CPU.Deploy.0 = Debug|Any CPU
		{C44E0915-ADD4-4C90-9CAD-B06AD1084E97}.Debug|ARM.ActiveCfg = Debug|Any CPU
		{C44E0915-ADD4-4C90-9CAD-B06AD1084E97}.Debug|ARM.Build.0 = Debug|Any CPU
		{C44E0915-ADD4-4C90-9CAD-B06AD1084E97}.Debug|ARM.Deploy.0 = Debug|Any CPU
		{C44E0915-ADD4-4C90-9CAD-B06AD1084E97}.Debug|x64.ActiveCfg = Debug|Any CPU
		{C44E0915-ADD4-4C90-9CAD-B06AD1084E97}.Debug|x64.Build.0 = Debug|Any CPU
		{C44E0915-ADD4-4C90-9CAD-B06AD1084E97}.Debug|x64.Deploy.0 = Debug|Any CPU
		{C44E0915-ADD4-4C90-9CAD-B06AD1084E97}.Debug|x86.ActiveCfg = Debug|Any CPU
		{C44E0915-ADD4-4C90-9CAD-B06AD1084E97}.Debug|x86.Build.0 = Debug|Any CPU
		{C44E0915-ADD4-4C90-9CAD-B06AD1084E97}.Debug|x86.Deploy.0 = Debug|Any CPU
		{C44E0915-ADD4-4C90-9CAD-B06AD1084E97}.Release|Any CPU.ActiveCfg = Release|Any CPU
		{C44E0915-ADD4-4C90-9CAD-B06AD1084E97}.Release|Any CPU.Build.0 = Release|Any CPU
		{C44E0915-ADD4-4C90-9CAD-B06AD1084E97}.Release|Any CPU.Deploy.0 = Release|Any CPU
		{C44E0915-ADD4-4C90-9CAD-B06AD1084E97}.Release|ARM.ActiveCfg = Release|Any CPU
		{C44E0915-ADD4-4C90-9CAD-B06AD1084E97}.Release|ARM.Build.0 = Release|Any CPU
		{C44E0915-ADD4-4C90-9CAD-B06AD1084E97}.Release|ARM.Deploy.0 = Release|Any CPU
		{C44E0915-ADD4-4C90-9CAD-B06AD1084E97}.Release|x64.ActiveCfg = Release|Any CPU
		{C44E0915-ADD4-4C90-9CAD-B06AD1084E97}.Release|x64.Build.0 = Release|Any CPU
		{C44E0915-ADD4-4C90-9CAD-B06AD1084E97}.Release|x64.Deploy.0 = Release|Any CPU
		{C44E0915-ADD4-4C90-9CAD-B06AD1084E97}.Release|x86.ActiveCfg = Release|Any CPU
		{C44E0915-ADD4-4C90-9CAD-B06AD1084E97}.Release|x86.Build.0 = Release|Any CPU
		{C44E0915-ADD4-4C90-9CAD-B06AD1084E97}.Release|x86.Deploy.0 = Release|Any CPU
		{0962ACC2-1C87-422F-93C6-7BC2A09E7C94}.Debug|Any CPU.ActiveCfg = Debug|Any CPU
		{0962ACC2-1C87-422F-93C6-7BC2A09E7C94}.Debug|Any CPU.Build.0 = Debug|Any CPU
		{0962ACC2-1C87-422F-93C6-7BC2A09E7C94}.Debug|ARM.ActiveCfg = Debug|Any CPU
		{0962ACC2-1C87-422F-93C6-7BC2A09E7C94}.Debug|ARM.Build.0 = Debug|Any CPU
		{0962ACC2-1C87-422F-93C6-7BC2A09E7C94}.Debug|x64.ActiveCfg = Debug|Any CPU
		{0962ACC2-1C87-422F-93C6-7BC2A09E7C94}.Debug|x64.Build.0 = Debug|Any CPU
		{0962ACC2-1C87-422F-93C6-7BC2A09E7C94}.Debug|x86.ActiveCfg = Debug|Any CPU
		{0962ACC2-1C87-422F-93C6-7BC2A09E7C94}.Debug|x86.Build.0 = Debug|Any CPU
		{0962ACC2-1C87-422F-93C6-7BC2A09E7C94}.Release|Any CPU.ActiveCfg = Release|Any CPU
		{0962ACC2-1C87-422F-93C6-7BC2A09E7C94}.Release|Any CPU.Build.0 = Release|Any CPU
		{0962ACC2-1C87-422F-93C6-7BC2A09E7C94}.Release|ARM.ActiveCfg = Release|Any CPU
		{0962ACC2-1C87-422F-93C6-7BC2A09E7C94}.Release|ARM.Build.0 = Release|Any CPU
		{0962ACC2-1C87-422F-93C6-7BC2A09E7C94}.Release|x64.ActiveCfg = Release|Any CPU
		{0962ACC2-1C87-422F-93C6-7BC2A09E7C94}.Release|x64.Build.0 = Release|Any CPU
		{0962ACC2-1C87-422F-93C6-7BC2A09E7C94}.Release|x86.ActiveCfg = Release|Any CPU
		{0962ACC2-1C87-422F-93C6-7BC2A09E7C94}.Release|x86.Build.0 = Release|Any CPU
	EndGlobalSection
	GlobalSection(SolutionProperties) = preSolution
		HideSolutionNode = FALSE
	EndGlobalSection
	GlobalSection(ExtensibilityGlobals) = postSolution
		SolutionGuid = {B50BA4FE-F1CA-47BE-BC0E-A2534EC371C1}
	EndGlobalSection
EndGlobal
